Microsoft Visual Studio Solution File, Format Version 8.00
Project("{8BC9CEB8-8B4A-11D0-8D11-00A0C91BC942}") = "MiniSpy", "MiniSpy.vcproj", "{60A1C418-D25A-4693-8BC1-108811D3BD6E}"
	ProjectSection(ProjectDependencies) = postProject
	EndProjectSection
EndProject
Global
	GlobalSection(SolutionConfiguration) = preSolution
		Debug = Debug
		Release = Release
	EndGlobalSection
	GlobalSection(ProjectConfiguration) = postSolution
		{60A1C418-D25A-4693-8BC1-108811D3BD6E}.Debug.ActiveCfg = Debug|Win32
		{60A1C418-D25A-4693-8BC1-108811D3BD6E}.Debug.Build.0 = Debug|Win32
		{60A1C418-D25A-4693-8BC1-108811D3BD6E}.Release.ActiveCfg = Release|Win32
		{60A1C418-D25A-4693-8BC1-108811D3BD6E}.Release.Build.0 = Release|Win32
	EndGlobalSection
	GlobalSection(ExtensibilityGlobals) = postSolution
	EndGlobalSection
	GlobalSection(ExtensibilityAddIns) = postSolution
	EndGlobalSection
EndGlobal
